// !$*UTF8*$!
{
	archiveVersion = 1;
	classes = {
	};
	objectVersion = 50;
	objects = {

/* Begin PBXBuildFile section */
		5E58AA972680BD9C0068BE61 /* DevoteApp.swift in Sources */ = {isa = PBXBuildFile; fileRef = 5E58AA962680BD9C0068BE61 /* DevoteApp.swift */; };
		5E58AA992680BD9C0068BE61 /* ContentView.swift in Sources */ = {isa = PBXBuildFile; fileRef = 5E58AA982680BD9C0068BE61 /* ContentView.swift */; };
		5E58AA9B2680BD9F0068BE61 /* Assets.xcassets in Resources */ = {isa = PBXBuildFile; fileRef = 5E58AA9A2680BD9F0068BE61 /* Assets.xcassets */; };
		5E58AA9E2680BD9F0068BE61 /* Preview Assets.xcassets in Resources */ = {isa = PBXBuildFile; fileRef = 5E58AA9D2680BD9F0068BE61 /* Preview Assets.xcassets */; };
		5E58AAA02680BD9F0068BE61 /* Persistence.swift in Sources */ = {isa = PBXBuildFile; fileRef = 5E58AA9F2680BD9F0068BE61 /* Persistence.swift */; };
		5E58AAA32680BD9F0068BE61 /* Devote.xcdatamodeld in Sources */ = {isa = PBXBuildFile; fileRef = 5E58AAA12680BD9F0068BE61 /* Devote.xcdatamodeld */; };
		5E58AAAD2680BED80068BE61 /* sound-rise.mp3 in Resources */ = {isa = PBXBuildFile; fileRef = 5E58AAAA2680BED80068BE61 /* sound-rise.mp3 */; };
		5E58AAAE2680BED80068BE61 /* sound-ding.mp3 in Resources */ = {isa = PBXBuildFile; fileRef = 5E58AAAB2680BED80068BE61 /* sound-ding.mp3 */; };
		5E58AAAF2680BED80068BE61 /* sound-tap.mp3 in Resources */ = {isa = PBXBuildFile; fileRef = 5E58AAAC2680BED80068BE61 /* sound-tap.mp3 */; };
		5E5CFF382682BCD50087A140 /* Constant.swift in Sources */ = {isa = PBXBuildFile; fileRef = 5E5CFF372682BCD50087A140 /* Constant.swift */; };
		5EB737462689566200B2F16C /* BackgroundImageView.swift in Sources */ = {isa = PBXBuildFile; fileRef = 5EB737452689566200B2F16C /* BackgroundImageView.swift */; };
		5ED529432686388700BFE621 /* HideKeyBoardExtension.swift in Sources */ = {isa = PBXBuildFile; fileRef = 5ED529422686388700BFE621 /* HideKeyBoardExtension.swift */; };
/* End PBXBuildFile section */

/* Begin PBXFileReference section */
		5E58AA932680BD9C0068BE61 /* Devote.app */ = {isa = PBXFileReference; explicitFileType = wrapper.application; includeInIndex = 0; path = Devote.app; sourceTree = BUILT_PRODUCTS_DIR; };
		5E58AA962680BD9C0068BE61 /* DevoteApp.swift */ = {isa = PBXFileReference; lastKnownFileType = sourcecode.swift; path = DevoteApp.swift; sourceTree = "<group>"; };
		5E58AA982680BD9C0068BE61 /* ContentView.swift */ = {isa = PBXFileReference; lastKnownFileType = sourcecode.swift; path = ContentView.swift; sourceTree = "<group>"; };
		5E58AA9A2680BD9F0068BE61 /* Assets.xcassets */ = {isa = PBXFileReference; lastKnownFileType = folder.assetcatalog; path = Assets.xcassets; sourceTree = "<group>"; };
		5E58AA9D2680BD9F0068BE61 /* Preview Assets.xcassets */ = {isa = PBXFileReference; lastKnownFileType = folder.assetcatalog; path = "Preview Assets.xcassets"; sourceTree = "<group>"; };
		5E58AA9F2680BD9F0068BE61 /* Persistence.swift */ = {isa = PBXFileReference; lastKnownFileType = sourcecode.swift; path = Persistence.swift; sourceTree = "<group>"; };
		5E58AAA22680BD9F0068BE61 /* Devote.xcdatamodel */ = {isa = PBXFileReference; lastKnownFileType = wrapper.xcdatamodel; path = Devote.xcdatamodel; sourceTree = "<group>"; };
		5E58AAA42680BD9F0068BE61 /* Info.plist */ = {isa = PBXFileReference; lastKnownFileType = text.plist.xml; path = Info.plist; sourceTree = "<group>"; };
		5E58AAAA2680BED80068BE61 /* sound-rise.mp3 */ = {isa = PBXFileReference; lastKnownFileType = audio.mp3; path = "sound-rise.mp3"; sourceTree = "<group>"; };
		5E58AAAB2680BED80068BE61 /* sound-ding.mp3 */ = {isa = PBXFileReference; lastKnownFileType = audio.mp3; path = "sound-ding.mp3"; sourceTree = "<group>"; };
		5E58AAAC2680BED80068BE61 /* sound-tap.mp3 */ = {isa = PBXFileReference; lastKnownFileType = audio.mp3; path = "sound-tap.mp3"; sourceTree = "<group>"; };
		5E5CFF372682BCD50087A140 /* Constant.swift */ = {isa = PBXFileReference; lastKnownFileType = sourcecode.swift; path = Constant.swift; sourceTree = "<group>"; };
		5EB737452689566200B2F16C /* BackgroundImageView.swift */ = {isa = PBXFileReference; lastKnownFileType = sourcecode.swift; path = BackgroundImageView.swift; sourceTree = "<group>"; };
		5ED529422686388700BFE621 /* HideKeyBoardExtension.swift */ = {isa = PBXFileReference; lastKnownFileType = sourcecode.swift; path = HideKeyBoardExtension.swift; sourceTree = "<group>"; };
/* End PBXFileReference section */

/* Begin PBXFrameworksBuildPhase section */
		5E58AA902680BD9C0068BE61 /* Frameworks */ = {
			isa = PBXFrameworksBuildPhase;
			buildActionMask = 2147483647;
			files = (
			);
			runOnlyForDeploymentPostprocessing = 0;
		};
/* End PBXFrameworksBuildPhase section */

/* Begin PBXGroup section */
		5E58AA8A2680BD9C0068BE61 = {
			isa = PBXGroup;
			children = (
				5E58AA952680BD9C0068BE61 /* Devote */,
				5E58AA942680BD9C0068BE61 /* Products */,
			);
			sourceTree = "<group>";
		};
		5E58AA942680BD9C0068BE61 /* Products */ = {
			isa = PBXGroup;
			children = (
				5E58AA932680BD9C0068BE61 /* Devote.app */,
			);
			name = Products;
			sourceTree = "<group>";
		};
		5E58AA952680BD9C0068BE61 /* Devote */ = {
			isa = PBXGroup;
			children = (
				5E58AA962680BD9C0068BE61 /* DevoteApp.swift */,
				5E58AAA42680BD9F0068BE61 /* Info.plist */,
				5E58AA9A2680BD9F0068BE61 /* Assets.xcassets */,
				5E58AAB12680BF1E0068BE61 /* View */,
				5E58AAB42680BF6C0068BE61 /* Style */,
				5E58AAB32680BF520068BE61 /* Utility */,
				5E58AAB22680BF3B0068BE61 /* Extension */,
				5E58AAB02680BF060068BE61 /* Sound */,
				5E58AAB52680BF9D0068BE61 /* Model */,
				5E58AA9C2680BD9F0068BE61 /* Preview Content */,
			);
			path = Devote;
			sourceTree = "<group>";
		};
		5E58AA9C2680BD9F0068BE61 /* Preview Content */ = {
			isa = PBXGroup;
			children = (
				5E58AA9D2680BD9F0068BE61 /* Preview Assets.xcassets */,
			);
			path = "Preview Content";
			sourceTree = "<group>";
		};
		5E58AAB02680BF060068BE61 /* Sound */ = {
			isa = PBXGroup;
			children = (
				5E58AAAB2680BED80068BE61 /* sound-ding.mp3 */,
				5E58AAAA2680BED80068BE61 /* sound-rise.mp3 */,
				5E58AAAC2680BED80068BE61 /* sound-tap.mp3 */,
			);
			path = Sound;
			sourceTree = "<group>";
		};
		5E58AAB12680BF1E0068BE61 /* View */ = {
			isa = PBXGroup;
			children = (
				5E58AA982680BD9C0068BE61 /* ContentView.swift */,
				5EB737452689566200B2F16C /* BackgroundImageView.swift */,
			);
			path = View;
			sourceTree = "<group>";
		};
		5E58AAB22680BF3B0068BE61 /* Extension */ = {
			isa = PBXGroup;
			children = (
				5ED529422686388700BFE621 /* HideKeyBoardExtension.swift */,
			);
			path = Extension;
			sourceTree = "<group>";
		};
		5E58AAB32680BF520068BE61 /* Utility */ = {
			isa = PBXGroup;
			children = (
				5E5CFF372682BCD50087A140 /* Constant.swift */,
			);
			path = Utility;
			sourceTree = "<group>";
		};
		5E58AAB42680BF6C0068BE61 /* Style */ = {
			isa = PBXGroup;
			children = (
			);
			path = Style;
			sourceTree = "<group>";
		};
		5E58AAB52680BF9D0068BE61 /* Model */ = {
			isa = PBXGroup;
			children = (
				5E58AA9F2680BD9F0068BE61 /* Persistence.swift */,
				5E58AAA12680BD9F0068BE61 /* Devote.xcdatamodeld */,
			);
			path = Model;
			sourceTree = "<group>";
		};
/* End PBXGroup section */

/* Begin PBXNativeTarget section */
		5E58AA922680BD9C0068BE61 /* Devote */ = {
			isa = PBXNativeTarget;
			buildConfigurationList = 5E58AAA72680BD9F0068BE61 /* Build configuration list for PBXNativeTarget "Devote" */;
			buildPhases = (
				5E58AA8F2680BD9C0068BE61 /* Sources */,
				5E58AA902680BD9C0068BE61 /* Frameworks */,
				5E58AA912680BD9C0068BE61 /* Resources */,
			);
			buildRules = (
			);
			dependencies = (
			);
			name = Devote;
			productName = Devote;
			productReference = 5E58AA932680BD9C0068BE61 /* Devote.app */;
			productType = "com.apple.product-type.application";
		};
/* End PBXNativeTarget section */

/* Begin PBXProject section */
		5E58AA8B2680BD9C0068BE61 /* Project object */ = {
			isa = PBXProject;
			attributes = {
				LastSwiftUpdateCheck = 1250;
				LastUpgradeCheck = 1250;
				TargetAttributes = {
					5E58AA922680BD9C0068BE61 = {
						CreatedOnToolsVersion = 12.5;
					};
				};
			};
			buildConfigurationList = 5E58AA8E2680BD9C0068BE61 /* Build configuration list for PBXProject "Devote" */;
			compatibilityVersion = "Xcode 9.3";
			developmentRegion = en;
			hasScannedForEncodings = 0;
			knownRegions = (
				en,
				Base,
			);
			mainGroup = 5E58AA8A2680BD9C0068BE61;
			productRefGroup = 5E58AA942680BD9C0068BE61 /* Products */;
			projectDirPath = "";
			projectRoot = "";
			targets = (
				5E58AA922680BD9C0068BE61 /* Devote */,
			);
		};
/* End PBXProject section */

/* Begin PBXResourcesBuildPhase section */
		5E58AA912680BD9C0068BE61 /* Resources */ = {
			isa = PBXResourcesBuildPhase;
			buildActionMask = 2147483647;
			files = (
				5E58AAAE2680BED80068BE61 /* sound-ding.mp3 in Resources */,
				5E58AAAD2680BED80068BE61 /* sound-rise.mp3 in Resources */,
				5E58AA9E2680BD9F0068BE61 /* Preview Assets.xcassets in Resources */,
				5E58AAAF2680BED80068BE61 /* sound-tap.mp3 in Resources */,
				5E58AA9B2680BD9F0068BE61 /* Assets.xcassets in Resources */,
			);
			runOnlyForDeploymentPostprocessing = 0;
		};
/* End PBXResourcesBuildPhase section */

/* Begin PBXSourcesBuildPhase section */
		5E58AA8F2680BD9C0068BE61 /* Sources */ = {
			isa = PBXSourcesBuildPhase;
			buildActionMask = 2147483647;
			files = (
				5ED529432686388700BFE621 /* HideKeyBoardExtension.swift in Sources */,
				5EB737462689566200B2F16C /* BackgroundImageView.swift in Sources */,
				5E58AAA02680BD9F0068BE61 /* Persistence.swift in Sources */,
				5E58AA992680BD9C0068BE61 /* ContentView.swift in Sources */,
				5E5CFF382682BCD50087A140 /* Constant.swift in Sources */,
				5E58AAA32680BD9F0068BE61 /* Devote.xcdatamodeld in Sources */,
				5E58AA972680BD9C0068BE61 /* DevoteApp.swift in Sources */,
			);
			runOnlyForDeploymentPostprocessing = 0;
		};
/* End PBXSourcesBuildPhase section */

/* Begin XCBuildConfiguration section */
		5E58AAA52680BD9F0068BE61 /* Debug */ = {
			isa = XCBuildConfiguration;
			buildSettings = {
				ALWAYS_SEARCH_USER_PATHS = NO;
				CLANG_ANALYZER_NONNULL = YES;
				CLANG_ANALYZER_NUMBER_OBJECT_CONVERSION = YES_AGGRESSIVE;
				CLANG_CXX_LANGUAGE_STANDARD = "gnu++14";
				CLANG_CXX_LIBRARY = "libc++";
				CLANG_ENABLE_MODULES = YES;
				CLANG_ENABLE_OBJC_ARC = YES;
				CLANG_ENABLE_OBJC_WEAK = YES;
				CLANG_WARN_BLOCK_CAPTURE_AUTORELEASING = YES;
				CLANG_WARN_BOOL_CONVERSION = YES;
				CLANG_WARN_COMMA = YES;
				CLANG_WARN_CONSTANT_CONVERSION = YES;
				CLANG_WARN_DEPRECATED_OBJC_IMPLEMENTATIONS = YES;
				CLANG_WARN_DIRECT_OBJC_ISA_USAGE = YES_ERROR;
				CLANG_WARN_DOCUMENTATION_COMMENTS = YES;
				CLANG_WARN_EMPTY_BODY = YES;
				CLANG_WARN_ENUM_CONVERSION = YES;
				CLANG_WARN_INFINITE_RECURSION = YES;
				CLANG_WARN_INT_CONVERSION = YES;
				CLANG_WARN_NON_LITERAL_NULL_CONVERSION = YES;
				CLANG_WARN_OBJC_IMPLICIT_RETAIN_SELF = YES;
				CLANG_WARN_OBJC_LITERAL_CONVERSION = YES;
				CLANG_WARN_OBJC_ROOT_CLASS = YES_ERROR;
				CLANG_WARN_QUOTED_INCLUDE_IN_FRAMEWORK_HEADER = YES;
				CLANG_WARN_RANGE_LOOP_ANALYSIS = YES;
				CLANG_WARN_STRICT_PROTOTYPES = YES;
				CLANG_WARN_SUSPICIOUS_MOVE = YES;
				CLANG_WARN_UNGUARDED_AVAILABILITY = YES_AGGRESSIVE;
				CLANG_WARN_UNREACHABLE_CODE = YES;
				CLANG_WARN__DUPLICATE_METHOD_MATCH = YES;
				COPY_PHASE_STRIP = NO;
				DEBUG_INFORMATION_FORMAT = dwarf;
				ENABLE_STRICT_OBJC_MSGSEND = YES;
				ENABLE_TESTABILITY = YES;
				GCC_C_LANGUAGE_STANDARD = gnu11;
				GCC_DYNAMIC_NO_PIC = NO;
				GCC_NO_COMMON_BLOCKS = YES;
				GCC_OPTIMIZATION_LEVEL = 0;
				GCC_PREPROCESSOR_DEFINITIONS = (
					"DEBUG=1",
					"$(inherited)",
				);
				GCC_WARN_64_TO_32_BIT_CONVERSION = YES;
				GCC_WARN_ABOUT_RETURN_TYPE = YES_ERROR;
				GCC_WARN_UNDECLARED_SELECTOR = YES;
				GCC_WARN_UNINITIALIZED_AUTOS = YES_AGGRESSIVE;
				GCC_WARN_UNUSED_FUNCTION = YES;
				GCC_WARN_UNUSED_VARIABLE = YES;
				IPHONEOS_DEPLOYMENT_TARGET = 14.5;
				MTL_ENABLE_DEBUG_INFO = INCLUDE_SOURCE;
				MTL_FAST_MATH = YES;
				ONLY_ACTIVE_ARCH = YES;
				SDKROOT = iphoneos;
				SWIFT_ACTIVE_COMPILATION_CONDITIONS = DEBUG;
				SWIFT_OPTIMIZATION_LEVEL = "-Onone";
			};
			name = Debug;
		};
		5E58AAA62680BD9F0068BE61 /* Release */ = {
			isa = XCBuildConfiguration;
			buildSettings = {
				ALWAYS_SEARCH_USER_PATHS = NO;
				CLANG_ANALYZER_NONNULL = YES;
				CLANG_ANALYZER_NUMBER_OBJECT_CONVERSION = YES_AGGRESSIVE;
				CLANG_CXX_LANGUAGE_STANDARD = "gnu++14";
				CLANG_CXX_LIBRARY = "libc++";
				CLANG_ENABLE_MODULES = YES;
				CLANG_ENABLE_OBJC_ARC = YES;
				CLANG_ENABLE_OBJC_WEAK = YES;
				CLANG_WARN_BLOCK_CAPTURE_AUTORELEASING = YES;
				CLANG_WARN_BOOL_CONVERSION = YES;
				CLANG_WARN_COMMA = YES;
				CLANG_WARN_CONSTANT_CONVERSION = YES;
				CLANG_WARN_DEPRECATED_OBJC_IMPLEMENTATIONS = YES;
				CLANG_WARN_DIRECT_OBJC_ISA_USAGE = YES_ERROR;
				CLANG_WARN_DOCUMENTATION_COMMENTS = YES;
				CLANG_WARN_EMPTY_BODY = YES;
				CLANG_WARN_ENUM_CONVERSION = YES;
				CLANG_WARN_INFINITE_RECURSION = YES;
				CLANG_WARN_INT_CONVERSION = YES;
				CLANG_WARN_NON_LITERAL_NULL_CONVERSION = YES;
				CLANG_WARN_OBJC_IMPLICIT_RETAIN_SELF = YES;
				CLANG_WARN_OBJC_LITERAL_CONVERSION = YES;
				CLANG_WARN_OBJC_ROOT_CLASS = YES_ERROR;
				CLANG_WARN_QUOTED_INCLUDE_IN_FRAMEWORK_HEADER = YES;
				CLANG_WARN_RANGE_LOOP_ANALYSIS = YES;
				CLANG_WARN_STRICT_PROTOTYPES = YES;
				CLANG_WARN_SUSPICIOUS_MOVE = YES;
				CLANG_WARN_UNGUARDED_AVAILABILITY = YES_AGGRESSIVE;
				CLANG_WARN_UNREACHABLE_CODE = YES;
				CLANG_WARN__DUPLICATE_METHOD_MATCH = YES;
				COPY_PHASE_STRIP = NO;
				DEBUG_INFORMATION_FORMAT = "dwarf-with-dsym";
				ENABLE_NS_ASSERTIONS = NO;
				ENABLE_STRICT_OBJC_MSGSEND = YES;
				GCC_C_LANGUAGE_STANDARD = gnu11;
				GCC_NO_COMMON_BLOCKS = YES;
				GCC_WARN_64_TO_32_BIT_CONVERSION = YES;
				GCC_WARN_ABOUT_RETURN_TYPE = YES_ERROR;
				GCC_WARN_UNDECLARED_SELECTOR = YES;
				GCC_WARN_UNINITIALIZED_AUTOS = YES_AGGRESSIVE;
				GCC_WARN_UNUSED_FUNCTION = YES;
				GCC_WARN_UNUSED_VARIABLE = YES;
				IPHONEOS_DEPLOYMENT_TARGET = 14.5;
				MTL_ENABLE_DEBUG_INFO = NO;
				MTL_FAST_MATH = YES;
				SDKROOT = iphoneos;
				SWIFT_COMPILATION_MODE = wholemodule;
				SWIFT_OPTIMIZATION_LEVEL = "-O";
				VALIDATE_PRODUCT = YES;
			};
			name = Release;
		};
		5E58AAA82680BD9F0068BE61 /* Debug */ = {
			isa = XCBuildConfiguration;
			buildSettings = {
				ASSETCATALOG_COMPILER_APPICON_NAME = AppIcon;
				ASSETCATALOG_COMPILER_GLOBAL_ACCENT_COLOR_NAME = AccentColor;
				CODE_SIGN_STYLE = Automatic;
				DEVELOPMENT_ASSET_PATHS = "\"Devote/Preview Content\"";
				ENABLE_PREVIEWS = YES;
				INFOPLIST_FILE = Devote/Info.plist;
				IPHONEOS_DEPLOYMENT_TARGET = 14.0;
				LD_RUNPATH_SEARCH_PATHS = (
					"$(inherited)",
					"@executable_path/Frameworks",
				);
				PRODUCT_BUNDLE_IDENTIFIER = com.rocha.Devote;
				PRODUCT_NAME = "$(TARGET_NAME)";
				SWIFT_VERSION = 5.0;
				TARGETED_DEVICE_FAMILY = "1,2";
			};
			name = Debug;
		};
		5E58AAA92680BD9F0068BE61 /* Release */ = {
			isa = XCBuildConfiguration;
			buildSettings = {
				ASSETCATALOG_COMPILER_APPICON_NAME = AppIcon;
				ASSETCATALOG_COMPILER_GLOBAL_ACCENT_COLOR_NAME = AccentColor;
				CODE_SIGN_STYLE = Automatic;
				DEVELOPMENT_ASSET_PATHS = "\"Devote/Preview Content\"";
				ENABLE_PREVIEWS = YES;
				INFOPLIST_FILE = Devote/Info.plist;
				IPHONEOS_DEPLOYMENT_TARGET = 14.0;
				LD_RUNPATH_SEARCH_PATHS = (
					"$(inherited)",
					"@executable_path/Frameworks",
				);
				PRODUCT_BUNDLE_IDENTIFIER = com.rocha.Devote;
				PRODUCT_NAME = "$(TARGET_NAME)";
				SWIFT_VERSION = 5.0;
				TARGETED_DEVICE_FAMILY = "1,2";
			};
			name = Release;
		};
/* End XCBuildConfiguration section */

/* Begin XCConfigurationList section */
		5E58AA8E2680BD9C0068BE61 /* Build configuration list for PBXProject "Devote" */ = {
			isa = XCConfigurationList;
			buildConfigurations = (
				5E58AAA52680BD9F0068BE61 /* Debug */,
				5E58AAA62680BD9F0068BE61 /* Release */,
			);
			defaultConfigurationIsVisible = 0;
			defaultConfigurationName = Release;
		};
		5E58AAA72680BD9F0068BE61 /* Build configuration list for PBXNativeTarget "Devote" */ = {
			isa = XCConfigurationList;
			buildConfigurations = (
				5E58AAA82680BD9F0068BE61 /* Debug */,
				5E58AAA92680BD9F0068BE61 /* Release */,
			);
			defaultConfigurationIsVisible = 0;
			defaultConfigurationName = Release;
		};
/* End XCConfigurationList section */

/* Begin XCVersionGroup section */
		5E58AAA12680BD9F0068BE61 /* Devote.xcdatamodeld */ = {
			isa = XCVersionGroup;
			children = (
				5E58AAA22680BD9F0068BE61 /* Devote.xcdatamodel */,
			);
			currentVersion = 5E58AAA22680BD9F0068BE61 /* Devote.xcdatamodel */;
			path = Devote.xcdatamodeld;
			sourceTree = "<group>";
			versionGroupType = wrapper.xcdatamodel;
		};
/* End XCVersionGroup section */
	};
	rootObject = 5E58AA8B2680BD9C0068BE61 /* Project object */;
}
